
Microsoft Visual Studio Solution File, Format Version 12.00
# Visual Studio Version 16
VisualStudioVersion = 16.0.30907.101
MinimumVisualStudioVersion = 10.0.40219.1
Project("{FAE04EC0-301F-11D3-BF4B-00C04F79EFBC}") = "LSPDFR_Reborn", "LSPDFR_Reborn\LSPDFR_Reborn.csproj", "{06C3FF2D-F1FD-444F-B5FA-2B53ADE30E36}"
EndProject
Global
	GlobalSection(SolutionConfigurationPlatforms) = preSolution
		Debug|Any CPU = Debug|Any CPU
		Release|Any CPU = Release|Any CPU
	EndGlobalSection
	GlobalSection(ProjectConfigurationPlatforms) = postSolution
		{06C3FF2D-F1FD-444F-B5FA-2B53ADE30E36}.Debug|Any CPU.ActiveCfg = Debug|Any CPU
		{06C3FF2D-F1FD-444F-B5FA-2B53ADE30E36}.Debug|Any CPU.Build.0 = Debug|Any CPU
		{06C3FF2D-F1FD-444F-B5FA-2B53ADE30E36}.Release|Any CPU.ActiveCfg = Release|Any CPU
		{06C3FF2D-F1FD-444F-B5FA-2B53ADE30E36}.Release|Any CPU.Build.0 = Release|Any CPU
	EndGlobalSection
	GlobalSection(SolutionProperties) = preSolution
		HideSolutionNode = FALSE
	EndGlobalSection
	GlobalSection(ExtensibilityGlobals) = postSolution
		SolutionGuid = {D2BD0413-0629-4A1C-98E2-8CE2CBD39FEF}
	EndGlobalSection
EndGlobal
